
Microsoft Visual Studio Solution File, Format Version 12.00
# Visual Studio Version 17
VisualStudioVersion = 17.3.32901.215
MinimumVisualStudioVersion = 10.0.40219.1
Project("{8BC9CEB8-8B4A-11D0-8D11-00A0C91BC942}") = "test 3.4", "test 3.4\test 3.4.vcxproj", "{E2170193-C3BB-4DA1-9CC3-41AF10CA1A7E}"
EndProject
Global
	GlobalSection(SolutionConfigurationPlatforms) = preSolution
		Debug|x64 = Debug|x64
		Debug|x86 = Debug|x86
		Release|x64 = Release|x64
		Release|x86 = Release|x86
	EndGlobalSection
	GlobalSection(ProjectConfigurationPlatforms) = postSolution
		{E2170193-C3BB-4DA1-9CC3-41AF10CA1A7E}.Debug|x64.ActiveCfg = Debug|x64
		{E2170193-C3BB-4DA1-9CC3-41AF10CA1A7E}.Debug|x64.Build.0 = Debug|x64
		{E2170193-C3BB-4DA1-9CC3-41AF10CA1A7E}.Debug|x86.ActiveCfg = Debug|Win32
		{E2170193-C3BB-4DA1-9CC3-41AF10CA1A7E}.Debug|x86.Build.0 = Debug|Win32
		{E2170193-C3BB-4DA1-9CC3-41AF10CA1A7E}.Release|x64.ActiveCfg = Release|x64
		{E2170193-C3BB-4DA1-9CC3-41AF10CA1A7E}.Release|x64.Build.0 = Release|x64
		{E2170193-C3BB-4DA1-9CC3-41AF10CA1A7E}.Release|x86.ActiveCfg = Release|Win32
		{E2170193-C3BB-4DA1-9CC3-41AF10CA1A7E}.Release|x86.Build.0 = Release|Win32
	EndGlobalSection
	GlobalSection(SolutionProperties) = preSolution
		HideSolutionNode = FALSE
	EndGlobalSection
	GlobalSection(ExtensibilityGlobals) = postSolution
		SolutionGuid = {4A9C9FA4-5945-437D-9B91-1E3CBEAAD5AC}
	EndGlobalSection
EndGlobal
